// !$*UTF8*$!
{
	archiveVersion = 1;
	classes = {
	};
	objectVersion = 50;
	objects = {

/* Begin PBXBuildFile section */
		6525E3E624116E0F0057A850 /* CardCollectionCell.swift in Sources */ = {isa = PBXBuildFile; fileRef = 6525E3E424116E0F0057A850 /* CardCollectionCell.swift */; };
		6525E3E724116E0F0057A850 /* CardCollectionViewCell.xib in Resources */ = {isa = PBXBuildFile; fileRef = 6525E3E524116E0F0057A850 /* CardCollectionViewCell.xib */; };
		6525E3E92411706F0057A850 /* CardSymbols.swift in Sources */ = {isa = PBXBuildFile; fileRef = 6525E3E82411706F0057A850 /* CardSymbols.swift */; };
		652C4F312412C6AA00D2E160 /* CardGameSettings.swift in Sources */ = {isa = PBXBuildFile; fileRef = 652C4F302412C6AA00D2E160 /* CardGameSettings.swift */; };
		652C4F352412D1AE00D2E160 /* CollectionViewLayoutConfig.swift in Sources */ = {isa = PBXBuildFile; fileRef = 652C4F342412D1AE00D2E160 /* CollectionViewLayoutConfig.swift */; };
		652C4F37241AA5D200D2E160 /* CheckMatchingCards.swift in Sources */ = {isa = PBXBuildFile; fileRef = 652C4F36241AA5D200D2E160 /* CheckMatchingCards.swift */; };
		652C4F3D241ABB1900D2E160 /* RoundedButon.swift in Sources */ = {isa = PBXBuildFile; fileRef = 652C4F3C241ABB1900D2E160 /* RoundedButon.swift */; };
		652C4F3F241BBEDE00D2E160 /* GameScore.swift in Sources */ = {isa = PBXBuildFile; fileRef = 652C4F3E241BBEDE00D2E160 /* GameScore.swift */; };
		652C4F41241D662800D2E160 /* PickerTableViewCell.swift in Sources */ = {isa = PBXBuildFile; fileRef = 652C4F40241D662800D2E160 /* PickerTableViewCell.swift */; };
		652C4F4424229C2100D2E160 /* SettingsVCTableViewExt.swift in Sources */ = {isa = PBXBuildFile; fileRef = 652C4F4324229C2100D2E160 /* SettingsVCTableViewExt.swift */; };
		652C4F4624229D8F00D2E160 /* SettingsVCCollectionViewExt.swift in Sources */ = {isa = PBXBuildFile; fileRef = 652C4F4524229D8F00D2E160 /* SettingsVCCollectionViewExt.swift */; };
		652C4F4824229ED500D2E160 /* MainVCCollectionViewExt.swift in Sources */ = {isa = PBXBuildFile; fileRef = 652C4F4724229ED500D2E160 /* MainVCCollectionViewExt.swift */; };
		652ECE1D2410199B004FFB23 /* AppDelegate.swift in Sources */ = {isa = PBXBuildFile; fileRef = 652ECE1C2410199B004FFB23 /* AppDelegate.swift */; };
		652ECE1F2410199B004FFB23 /* SceneDelegate.swift in Sources */ = {isa = PBXBuildFile; fileRef = 652ECE1E2410199B004FFB23 /* SceneDelegate.swift */; };
		652ECE212410199B004FFB23 /* MainViewController.swift in Sources */ = {isa = PBXBuildFile; fileRef = 652ECE202410199B004FFB23 /* MainViewController.swift */; };
		652ECE242410199B004FFB23 /* Main.storyboard in Resources */ = {isa = PBXBuildFile; fileRef = 652ECE222410199B004FFB23 /* Main.storyboard */; };
		652ECE26241019A4004FFB23 /* Assets.xcassets in Resources */ = {isa = PBXBuildFile; fileRef = 652ECE25241019A4004FFB23 /* Assets.xcassets */; };
		652ECE29241019A4004FFB23 /* LaunchScreen.storyboard in Resources */ = {isa = PBXBuildFile; fileRef = 652ECE27241019A4004FFB23 /* LaunchScreen.storyboard */; };
		652ECE3224101F26004FFB23 /* SettingsViewController.swift in Sources */ = {isa = PBXBuildFile; fileRef = 652ECE3124101F26004FFB23 /* SettingsViewController.swift */; };
/* End PBXBuildFile section */

/* Begin PBXFileReference section */
		6525E3E424116E0F0057A850 /* CardCollectionCell.swift */ = {isa = PBXFileReference; lastKnownFileType = sourcecode.swift; path = CardCollectionCell.swift; sourceTree = "<group>"; };
		6525E3E524116E0F0057A850 /* CardCollectionViewCell.xib */ = {isa = PBXFileReference; lastKnownFileType = file.xib; path = CardCollectionViewCell.xib; sourceTree = "<group>"; };
		6525E3E82411706F0057A850 /* CardSymbols.swift */ = {isa = PBXFileReference; lastKnownFileType = sourcecode.swift; path = CardSymbols.swift; sourceTree = "<group>"; };
		652C4F302412C6AA00D2E160 /* CardGameSettings.swift */ = {isa = PBXFileReference; lastKnownFileType = sourcecode.swift; path = CardGameSettings.swift; sourceTree = "<group>"; };
		652C4F342412D1AE00D2E160 /* CollectionViewLayoutConfig.swift */ = {isa = PBXFileReference; lastKnownFileType = sourcecode.swift; path = CollectionViewLayoutConfig.swift; sourceTree = "<group>"; };
		652C4F36241AA5D200D2E160 /* CheckMatchingCards.swift */ = {isa = PBXFileReference; lastKnownFileType = sourcecode.swift; path = CheckMatchingCards.swift; sourceTree = "<group>"; };
		652C4F3C241ABB1900D2E160 /* RoundedButon.swift */ = {isa = PBXFileReference; lastKnownFileType = sourcecode.swift; path = RoundedButon.swift; sourceTree = "<group>"; };
		652C4F3E241BBEDE00D2E160 /* GameScore.swift */ = {isa = PBXFileReference; lastKnownFileType = sourcecode.swift; path = GameScore.swift; sourceTree = "<group>"; };
		652C4F40241D662800D2E160 /* PickerTableViewCell.swift */ = {isa = PBXFileReference; lastKnownFileType = sourcecode.swift; path = PickerTableViewCell.swift; sourceTree = "<group>"; };
		652C4F4324229C2100D2E160 /* SettingsVCTableViewExt.swift */ = {isa = PBXFileReference; lastKnownFileType = sourcecode.swift; path = SettingsVCTableViewExt.swift; sourceTree = "<group>"; };
		652C4F4524229D8F00D2E160 /* SettingsVCCollectionViewExt.swift */ = {isa = PBXFileReference; lastKnownFileType = sourcecode.swift; path = SettingsVCCollectionViewExt.swift; sourceTree = "<group>"; };
		652C4F4724229ED500D2E160 /* MainVCCollectionViewExt.swift */ = {isa = PBXFileReference; lastKnownFileType = sourcecode.swift; path = MainVCCollectionViewExt.swift; sourceTree = "<group>"; };
		652ECE192410199B004FFB23 /* CardGame.app */ = {isa = PBXFileReference; explicitFileType = wrapper.application; includeInIndex = 0; path = CardGame.app; sourceTree = BUILT_PRODUCTS_DIR; };
		652ECE1C2410199B004FFB23 /* AppDelegate.swift */ = {isa = PBXFileReference; lastKnownFileType = sourcecode.swift; path = AppDelegate.swift; sourceTree = "<group>"; };
		652ECE1E2410199B004FFB23 /* SceneDelegate.swift */ = {isa = PBXFileReference; lastKnownFileType = sourcecode.swift; path = SceneDelegate.swift; sourceTree = "<group>"; };
		652ECE202410199B004FFB23 /* MainViewController.swift */ = {isa = PBXFileReference; lastKnownFileType = sourcecode.swift; path = MainViewController.swift; sourceTree = "<group>"; };
		652ECE232410199B004FFB23 /* Base */ = {isa = PBXFileReference; lastKnownFileType = file.storyboard; name = Base; path = Base.lproj/Main.storyboard; sourceTree = "<group>"; };
		652ECE25241019A4004FFB23 /* Assets.xcassets */ = {isa = PBXFileReference; lastKnownFileType = folder.assetcatalog; path = Assets.xcassets; sourceTree = "<group>"; };
		652ECE28241019A4004FFB23 /* Base */ = {isa = PBXFileReference; lastKnownFileType = file.storyboard; name = Base; path = Base.lproj/LaunchScreen.storyboard; sourceTree = "<group>"; };
		652ECE2A241019A4004FFB23 /* Info.plist */ = {isa = PBXFileReference; lastKnownFileType = text.plist.xml; path = Info.plist; sourceTree = "<group>"; };
		652ECE3124101F26004FFB23 /* SettingsViewController.swift */ = {isa = PBXFileReference; lastKnownFileType = sourcecode.swift; path = SettingsViewController.swift; sourceTree = "<group>"; };
/* End PBXFileReference section */

/* Begin PBXFrameworksBuildPhase section */
		652ECE162410199B004FFB23 /* Frameworks */ = {
			isa = PBXFrameworksBuildPhase;
			buildActionMask = 2147483647;
			files = (
			);
			runOnlyForDeploymentPostprocessing = 0;
		};
/* End PBXFrameworksBuildPhase section */

/* Begin PBXGroup section */
		652C4F4224229C0700D2E160 /* Extensions */ = {
			isa = PBXGroup;
			children = (
				652C4F4724229ED500D2E160 /* MainVCCollectionViewExt.swift */,
				652C4F4524229D8F00D2E160 /* SettingsVCCollectionViewExt.swift */,
				652C4F4324229C2100D2E160 /* SettingsVCTableViewExt.swift */,
			);
			path = Extensions;
			sourceTree = "<group>";
		};
		652ECE102410199B004FFB23 = {
			isa = PBXGroup;
			children = (
				652ECE1B2410199B004FFB23 /* CardGame */,
				652ECE1A2410199B004FFB23 /* Products */,
			);
			sourceTree = "<group>";
		};
		652ECE1A2410199B004FFB23 /* Products */ = {
			isa = PBXGroup;
			children = (
				652ECE192410199B004FFB23 /* CardGame.app */,
			);
			name = Products;
			sourceTree = "<group>";
		};
		652ECE1B2410199B004FFB23 /* CardGame */ = {
			isa = PBXGroup;
			children = (
				652ECE25241019A4004FFB23 /* Assets.xcassets */,
				652ECE3024101ED4004FFB23 /* Controllers */,
				652ECE2A241019A4004FFB23 /* Info.plist */,
				652C4F4224229C0700D2E160 /* Extensions */,
				652ECE3324102099004FFB23 /* Models */,
				652ECE34241020B2004FFB23 /* Other */,
				652ECE35241020D5004FFB23 /* Storyboards */,
				652ECE382410263E004FFB23 /* ViewRelated */,
			);
			path = CardGame;
			sourceTree = "<group>";
		};
		652ECE3024101ED4004FFB23 /* Controllers */ = {
			isa = PBXGroup;
			children = (
				652ECE202410199B004FFB23 /* MainViewController.swift */,
				652ECE3124101F26004FFB23 /* SettingsViewController.swift */,
			);
			path = Controllers;
			sourceTree = "<group>";
		};
		652ECE3324102099004FFB23 /* Models */ = {
			isa = PBXGroup;
			children = (
				652C4F302412C6AA00D2E160 /* CardGameSettings.swift */,
				6525E3E82411706F0057A850 /* CardSymbols.swift */,
				652C4F36241AA5D200D2E160 /* CheckMatchingCards.swift */,
				652C4F342412D1AE00D2E160 /* CollectionViewLayoutConfig.swift */,
				652C4F3E241BBEDE00D2E160 /* GameScore.swift */,
			);
			path = Models;
			sourceTree = "<group>";
		};
		652ECE34241020B2004FFB23 /* Other */ = {
			isa = PBXGroup;
			children = (
				652ECE1C2410199B004FFB23 /* AppDelegate.swift */,
				652ECE1E2410199B004FFB23 /* SceneDelegate.swift */,
			);
			path = Other;
			sourceTree = "<group>";
		};
		652ECE35241020D5004FFB23 /* Storyboards */ = {
			isa = PBXGroup;
			children = (
				652ECE27241019A4004FFB23 /* LaunchScreen.storyboard */,
				652ECE222410199B004FFB23 /* Main.storyboard */,
			);
			path = Storyboards;
			sourceTree = "<group>";
		};
		652ECE382410263E004FFB23 /* ViewRelated */ = {
			isa = PBXGroup;
			children = (
				6525E3E424116E0F0057A850 /* CardCollectionCell.swift */,
				6525E3E524116E0F0057A850 /* CardCollectionViewCell.xib */,
				652C4F3C241ABB1900D2E160 /* RoundedButon.swift */,
				652C4F40241D662800D2E160 /* PickerTableViewCell.swift */,
			);
			path = ViewRelated;
			sourceTree = "<group>";
		};
/* End PBXGroup section */

/* Begin PBXNativeTarget section */
		652ECE182410199B004FFB23 /* CardGame */ = {
			isa = PBXNativeTarget;
			buildConfigurationList = 652ECE2D241019A4004FFB23 /* Build configuration list for PBXNativeTarget "CardGame" */;
			buildPhases = (
				652ECE152410199B004FFB23 /* Sources */,
				652ECE162410199B004FFB23 /* Frameworks */,
				652ECE172410199B004FFB23 /* Resources */,
			);
			buildRules = (
			);
			dependencies = (
			);
			name = CardGame;
			productName = CardGame;
			productReference = 652ECE192410199B004FFB23 /* CardGame.app */;
			productType = "com.apple.product-type.application";
		};
/* End PBXNativeTarget section */

/* Begin PBXProject section */
		652ECE112410199B004FFB23 /* Project object */ = {
			isa = PBXProject;
			attributes = {
				LastSwiftUpdateCheck = 1130;
				LastUpgradeCheck = 1130;
				ORGANIZATIONNAME = "Daniel Šuškevič";
				TargetAttributes = {
					652ECE182410199B004FFB23 = {
						CreatedOnToolsVersion = 11.3.1;
					};
				};
			};
			buildConfigurationList = 652ECE142410199B004FFB23 /* Build configuration list for PBXProject "CardGame" */;
			compatibilityVersion = "Xcode 9.3";
			developmentRegion = en;
			hasScannedForEncodings = 0;
			knownRegions = (
				en,
				Base,
			);
			mainGroup = 652ECE102410199B004FFB23;
			productRefGroup = 652ECE1A2410199B004FFB23 /* Products */;
			projectDirPath = "";
			projectRoot = "";
			targets = (
				652ECE182410199B004FFB23 /* CardGame */,
			);
		};
/* End PBXProject section */

/* Begin PBXResourcesBuildPhase section */
		652ECE172410199B004FFB23 /* Resources */ = {
			isa = PBXResourcesBuildPhase;
			buildActionMask = 2147483647;
			files = (
				652ECE29241019A4004FFB23 /* LaunchScreen.storyboard in Resources */,
				6525E3E724116E0F0057A850 /* CardCollectionViewCell.xib in Resources */,
				652ECE26241019A4004FFB23 /* Assets.xcassets in Resources */,
				652ECE242410199B004FFB23 /* Main.storyboard in Resources */,
			);
			runOnlyForDeploymentPostprocessing = 0;
		};
/* End PBXResourcesBuildPhase section */

/* Begin PBXSourcesBuildPhase section */
		652ECE152410199B004FFB23 /* Sources */ = {
			isa = PBXSourcesBuildPhase;
			buildActionMask = 2147483647;
			files = (
				652ECE212410199B004FFB23 /* MainViewController.swift in Sources */,
				652C4F41241D662800D2E160 /* PickerTableViewCell.swift in Sources */,
				652C4F3F241BBEDE00D2E160 /* GameScore.swift in Sources */,
				652ECE1D2410199B004FFB23 /* AppDelegate.swift in Sources */,
				652C4F3D241ABB1900D2E160 /* RoundedButon.swift in Sources */,
				652ECE1F2410199B004FFB23 /* SceneDelegate.swift in Sources */,
				6525E3E624116E0F0057A850 /* CardCollectionCell.swift in Sources */,
				652C4F4424229C2100D2E160 /* SettingsVCTableViewExt.swift in Sources */,
				652ECE3224101F26004FFB23 /* SettingsViewController.swift in Sources */,
				652C4F4824229ED500D2E160 /* MainVCCollectionViewExt.swift in Sources */,
				6525E3E92411706F0057A850 /* CardSymbols.swift in Sources */,
				652C4F352412D1AE00D2E160 /* CollectionViewLayoutConfig.swift in Sources */,
				652C4F37241AA5D200D2E160 /* CheckMatchingCards.swift in Sources */,
				652C4F4624229D8F00D2E160 /* SettingsVCCollectionViewExt.swift in Sources */,
				652C4F312412C6AA00D2E160 /* CardGameSettings.swift in Sources */,
			);
			runOnlyForDeploymentPostprocessing = 0;
		};
/* End PBXSourcesBuildPhase section */

/* Begin PBXVariantGroup section */
		652ECE222410199B004FFB23 /* Main.storyboard */ = {
			isa = PBXVariantGroup;
			children = (
				652ECE232410199B004FFB23 /* Base */,
			);
			name = Main.storyboard;
			sourceTree = "<group>";
		};
		652ECE27241019A4004FFB23 /* LaunchScreen.storyboard */ = {
			isa = PBXVariantGroup;
			children = (
				652ECE28241019A4004FFB23 /* Base */,
			);
			name = LaunchScreen.storyboard;
			sourceTree = "<group>";
		};
/* End PBXVariantGroup section */

/* Begin XCBuildConfiguration section */
		652ECE2B241019A4004FFB23 /* Debug */ = {
			isa = XCBuildConfiguration;
			buildSettings = {
				ALWAYS_SEARCH_USER_PATHS = NO;
				CLANG_ANALYZER_NONNULL = YES;
				CLANG_ANALYZER_NUMBER_OBJECT_CONVERSION = YES_AGGRESSIVE;
				CLANG_CXX_LANGUAGE_STANDARD = "gnu++14";
				CLANG_CXX_LIBRARY = "libc++";
				CLANG_ENABLE_MODULES = YES;
				CLANG_ENABLE_OBJC_ARC = YES;
				CLANG_ENABLE_OBJC_WEAK = YES;
				CLANG_WARN_BLOCK_CAPTURE_AUTORELEASING = YES;
				CLANG_WARN_BOOL_CONVERSION = YES;
				CLANG_WARN_COMMA = YES;
				CLANG_WARN_CONSTANT_CONVERSION = YES;
				CLANG_WARN_DEPRECATED_OBJC_IMPLEMENTATIONS = YES;
				CLANG_WARN_DIRECT_OBJC_ISA_USAGE = YES_ERROR;
				CLANG_WARN_DOCUMENTATION_COMMENTS = YES;
				CLANG_WARN_EMPTY_BODY = YES;
				CLANG_WARN_ENUM_CONVERSION = YES;
				CLANG_WARN_INFINITE_RECURSION = YES;
				CLANG_WARN_INT_CONVERSION = YES;
				CLANG_WARN_NON_LITERAL_NULL_CONVERSION = YES;
				CLANG_WARN_OBJC_IMPLICIT_RETAIN_SELF = YES;
				CLANG_WARN_OBJC_LITERAL_CONVERSION = YES;
				CLANG_WARN_OBJC_ROOT_CLASS = YES_ERROR;
				CLANG_WARN_RANGE_LOOP_ANALYSIS = YES;
				CLANG_WARN_STRICT_PROTOTYPES = YES;
				CLANG_WARN_SUSPICIOUS_MOVE = YES;
				CLANG_WARN_UNGUARDED_AVAILABILITY = YES_AGGRESSIVE;
				CLANG_WARN_UNREACHABLE_CODE = YES;
				CLANG_WARN__DUPLICATE_METHOD_MATCH = YES;
				COPY_PHASE_STRIP = NO;
				DEBUG_INFORMATION_FORMAT = dwarf;
				ENABLE_STRICT_OBJC_MSGSEND = YES;
				ENABLE_TESTABILITY = YES;
				GCC_C_LANGUAGE_STANDARD = gnu11;
				GCC_DYNAMIC_NO_PIC = NO;
				GCC_NO_COMMON_BLOCKS = YES;
				GCC_OPTIMIZATION_LEVEL = 0;
				GCC_PREPROCESSOR_DEFINITIONS = (
					"DEBUG=1",
					"$(inherited)",
				);
				GCC_WARN_64_TO_32_BIT_CONVERSION = YES;
				GCC_WARN_ABOUT_RETURN_TYPE = YES_ERROR;
				GCC_WARN_UNDECLARED_SELECTOR = YES;
				GCC_WARN_UNINITIALIZED_AUTOS = YES_AGGRESSIVE;
				GCC_WARN_UNUSED_FUNCTION = YES;
				GCC_WARN_UNUSED_VARIABLE = YES;
				IPHONEOS_DEPLOYMENT_TARGET = 13.2;
				MTL_ENABLE_DEBUG_INFO = INCLUDE_SOURCE;
				MTL_FAST_MATH = YES;
				ONLY_ACTIVE_ARCH = YES;
				SDKROOT = iphoneos;
				SWIFT_ACTIVE_COMPILATION_CONDITIONS = DEBUG;
				SWIFT_OPTIMIZATION_LEVEL = "-Onone";
			};
			name = Debug;
		};
		652ECE2C241019A4004FFB23 /* Release */ = {
			isa = XCBuildConfiguration;
			buildSettings = {
				ALWAYS_SEARCH_USER_PATHS = NO;
				CLANG_ANALYZER_NONNULL = YES;
				CLANG_ANALYZER_NUMBER_OBJECT_CONVERSION = YES_AGGRESSIVE;
				CLANG_CXX_LANGUAGE_STANDARD = "gnu++14";
				CLANG_CXX_LIBRARY = "libc++";
				CLANG_ENABLE_MODULES = YES;
				CLANG_ENABLE_OBJC_ARC = YES;
				CLANG_ENABLE_OBJC_WEAK = YES;
				CLANG_WARN_BLOCK_CAPTURE_AUTORELEASING = YES;
				CLANG_WARN_BOOL_CONVERSION = YES;
				CLANG_WARN_COMMA = YES;
				CLANG_WARN_CONSTANT_CONVERSION = YES;
				CLANG_WARN_DEPRECATED_OBJC_IMPLEMENTATIONS = YES;
				CLANG_WARN_DIRECT_OBJC_ISA_USAGE = YES_ERROR;
				CLANG_WARN_DOCUMENTATION_COMMENTS = YES;
				CLANG_WARN_EMPTY_BODY = YES;
				CLANG_WARN_ENUM_CONVERSION = YES;
				CLANG_WARN_INFINITE_RECURSION = YES;
				CLANG_WARN_INT_CONVERSION = YES;
				CLANG_WARN_NON_LITERAL_NULL_CONVERSION = YES;
				CLANG_WARN_OBJC_IMPLICIT_RETAIN_SELF = YES;
				CLANG_WARN_OBJC_LITERAL_CONVERSION = YES;
				CLANG_WARN_OBJC_ROOT_CLASS = YES_ERROR;
				CLANG_WARN_RANGE_LOOP_ANALYSIS = YES;
				CLANG_WARN_STRICT_PROTOTYPES = YES;
				CLANG_WARN_SUSPICIOUS_MOVE = YES;
				CLANG_WARN_UNGUARDED_AVAILABILITY = YES_AGGRESSIVE;
				CLANG_WARN_UNREACHABLE_CODE = YES;
				CLANG_WARN__DUPLICATE_METHOD_MATCH = YES;
				COPY_PHASE_STRIP = NO;
				DEBUG_INFORMATION_FORMAT = "dwarf-with-dsym";
				ENABLE_NS_ASSERTIONS = NO;
				ENABLE_STRICT_OBJC_MSGSEND = YES;
				GCC_C_LANGUAGE_STANDARD = gnu11;
				GCC_NO_COMMON_BLOCKS = YES;
				GCC_WARN_64_TO_32_BIT_CONVERSION = YES;
				GCC_WARN_ABOUT_RETURN_TYPE = YES_ERROR;
				GCC_WARN_UNDECLARED_SELECTOR = YES;
				GCC_WARN_UNINITIALIZED_AUTOS = YES_AGGRESSIVE;
				GCC_WARN_UNUSED_FUNCTION = YES;
				GCC_WARN_UNUSED_VARIABLE = YES;
				IPHONEOS_DEPLOYMENT_TARGET = 13.2;
				MTL_ENABLE_DEBUG_INFO = NO;
				MTL_FAST_MATH = YES;
				SDKROOT = iphoneos;
				SWIFT_COMPILATION_MODE = wholemodule;
				SWIFT_OPTIMIZATION_LEVEL = "-O";
				VALIDATE_PRODUCT = YES;
			};
			name = Release;
		};
		652ECE2E241019A4004FFB23 /* Debug */ = {
			isa = XCBuildConfiguration;
			buildSettings = {
				ASSETCATALOG_COMPILER_APPICON_NAME = AppIcon;
				CODE_SIGN_STYLE = Automatic;
				DEVELOPMENT_TEAM = 7R738Q22NX;
				INFOPLIST_FILE = CardGame/Info.plist;
				LD_RUNPATH_SEARCH_PATHS = (
					"$(inherited)",
					"@executable_path/Frameworks",
				);
				PRODUCT_BUNDLE_IDENTIFIER = com.degermon.CardGame;
				PRODUCT_NAME = "$(TARGET_NAME)";
				SWIFT_VERSION = 5.0;
				TARGETED_DEVICE_FAMILY = "1,2";
			};
			name = Debug;
		};
		652ECE2F241019A4004FFB23 /* Release */ = {
			isa = XCBuildConfiguration;
			buildSettings = {
				ASSETCATALOG_COMPILER_APPICON_NAME = AppIcon;
				CODE_SIGN_STYLE = Automatic;
				DEVELOPMENT_TEAM = 7R738Q22NX;
				INFOPLIST_FILE = CardGame/Info.plist;
				LD_RUNPATH_SEARCH_PATHS = (
					"$(inherited)",
					"@executable_path/Frameworks",
				);
				PRODUCT_BUNDLE_IDENTIFIER = com.degermon.CardGame;
				PRODUCT_NAME = "$(TARGET_NAME)";
				SWIFT_VERSION = 5.0;
				TARGETED_DEVICE_FAMILY = "1,2";
			};
			name = Release;
		};
/* End XCBuildConfiguration section */

/* Begin XCConfigurationList section */
		652ECE142410199B004FFB23 /* Build configuration list for PBXProject "CardGame" */ = {
			isa = XCConfigurationList;
			buildConfigurations = (
				652ECE2B241019A4004FFB23 /* Debug */,
				652ECE2C241019A4004FFB23 /* Release */,
			);
			defaultConfigurationIsVisible = 0;
			defaultConfigurationName = Release;
		};
		652ECE2D241019A4004FFB23 /* Build configuration list for PBXNativeTarget "CardGame" */ = {
			isa = XCConfigurationList;
			buildConfigurations = (
				652ECE2E241019A4004FFB23 /* Debug */,
				652ECE2F241019A4004FFB23 /* Release */,
			);
			defaultConfigurationIsVisible = 0;
			defaultConfigurationName = Release;
		};
/* End XCConfigurationList section */
	};
	rootObject = 652ECE112410199B004FFB23 /* Project object */;
}
